
Microsoft Visual Studio Solution File, Format Version 12.00
# Visual Studio 15
VisualStudioVersion = 15.0.27130.2036
MinimumVisualStudioVersion = 10.0.40219.1
Project("{FAE04EC0-301F-11D3-BF4B-00C04F79EFBC}") = "MarsRoverKata", "MarsRoverKata\MarsRoverKata.csproj", "{776C8A52-7C8D-4107-8427-D5A12ACF9F16}"
EndProject
Project("{FAE04EC0-301F-11D3-BF4B-00C04F79EFBC}") = "MarsRoverKata.Tests", "MarsRoverKata.Tests\MarsRoverKata.Tests.csproj", "{B488136E-4128-4466-B252-7126D82A0A2C}"
EndProject
Global
	GlobalSection(SolutionConfigurationPlatforms) = preSolution
		Debug|Any CPU = Debug|Any CPU
		Release|Any CPU = Release|Any CPU
	EndGlobalSection
	GlobalSection(ProjectConfigurationPlatforms) = postSolution
		{776C8A52-7C8D-4107-8427-D5A12ACF9F16}.Debug|Any CPU.ActiveCfg = Debug|Any CPU
		{776C8A52-7C8D-4107-8427-D5A12ACF9F16}.Debug|Any CPU.Build.0 = Debug|Any CPU
		{776C8A52-7C8D-4107-8427-D5A12ACF9F16}.Release|Any CPU.ActiveCfg = Release|Any CPU
		{776C8A52-7C8D-4107-8427-D5A12ACF9F16}.Release|Any CPU.Build.0 = Release|Any CPU
		{B488136E-4128-4466-B252-7126D82A0A2C}.Debug|Any CPU.ActiveCfg = Debug|Any CPU
		{B488136E-4128-4466-B252-7126D82A0A2C}.Debug|Any CPU.Build.0 = Debug|Any CPU
		{B488136E-4128-4466-B252-7126D82A0A2C}.Release|Any CPU.ActiveCfg = Release|Any CPU
		{B488136E-4128-4466-B252-7126D82A0A2C}.Release|Any CPU.Build.0 = Release|Any CPU
	EndGlobalSection
	GlobalSection(SolutionProperties) = preSolution
		HideSolutionNode = FALSE
	EndGlobalSection
	GlobalSection(ExtensibilityGlobals) = postSolution
		SolutionGuid = {B846443B-9869-4806-8FCF-CCB4F3467542}
	EndGlobalSection
EndGlobal
